
Microsoft Visual Studio Solution File, Format Version 12.00
# Visual Studio Version 17
VisualStudioVersion = 17.10.34928.147
MinimumVisualStudioVersion = 10.0.40219.1
Project("{FAE04EC0-301F-11D3-BF4B-00C04F79EFBC}") = "GS-EnergyWise", "GS-EnergyWise\GS-EnergyWise.csproj", "{960E75A8-26D6-4AAD-BE66-F244DD6ACA7F}"
EndProject
Global
	GlobalSection(SolutionConfigurationPlatforms) = preSolution
		Debug|Any CPU = Debug|Any CPU
		Release|Any CPU = Release|Any CPU
	EndGlobalSection
	GlobalSection(ProjectConfigurationPlatforms) = postSolution
		{960E75A8-26D6-4AAD-BE66-F244DD6ACA7F}.Debug|Any CPU.ActiveCfg = Debug|Any CPU
		{960E75A8-26D6-4AAD-BE66-F244DD6ACA7F}.Debug|Any CPU.Build.0 = Debug|Any CPU
		{960E75A8-26D6-4AAD-BE66-F244DD6ACA7F}.Release|Any CPU.ActiveCfg = Release|Any CPU
		{960E75A8-26D6-4AAD-BE66-F244DD6ACA7F}.Release|Any CPU.Build.0 = Release|Any CPU
	EndGlobalSection
	GlobalSection(SolutionProperties) = preSolution
		HideSolutionNode = FALSE
	EndGlobalSection
	GlobalSection(ExtensibilityGlobals) = postSolution
		SolutionGuid = {9582BEC3-F3CC-44D9-A045-6BFF6CD54865}
	EndGlobalSection
EndGlobal
